# This file is automatically @generated by Poetry 2.2.1 and should not be changed by hand.

[[package]]
name = "idna"
version = "3.7"
description = "Internationalized Domain Names in Applications (IDNA)"
optional = false
python-versions = ">=3.5"
groups = ["dev"]
files = [
    {file = "idna-3.7-py3-none-any.whl", hash = "sha256:82fee1fc78add43492d3a1898bfa6d8a904cc97d8427f683ed8e798d07761aa0"},
    {file = "idna-3.7.tar.gz", hash = "sha256:028ff3aadf0609c1fd278d8ea3089299412a7a8b9bd005dd08b9f8285bcb5cfc"},
]

[metadata]
lock-version = "2.1"
python-versions = ">=3.10.0,<3.11"
content-hash = "2bacfc8cb08893ad9860b2d44fdd9a74b1ce839d88fa5cd3cbd7e07eaa053d65"
